
Microsoft Visual Studio Solution File, Format Version 12.00
# Visual Studio Version 16
VisualStudioVersion = 16.0.31410.357
MinimumVisualStudioVersion = 10.0.40219.1
Project("{9A19103F-16F7-4668-BE54-9A1E7A4F7556}") = "IDA.Server", "IDA.Server.csproj", "{8231F854-810A-4189-B333-EA438A0A52E6}"
EndProject
Project("{9A19103F-16F7-4668-BE54-9A1E7A4F7556}") = "IDA.ServerBL", "..\IDA.ServerBL\IDA.ServerBL.csproj", "{593C34A5-FF59-4410-BAF8-69D55DBB5C7A}"
EndProject
Global
	GlobalSection(SolutionConfigurationPlatforms) = preSolution
		Debug|Any CPU = Debug|Any CPU
		Release|Any CPU = Release|Any CPU
	EndGlobalSection
	GlobalSection(ProjectConfigurationPlatforms) = postSolution
		{8231F854-810A-4189-B333-EA438A0A52E6}.Debug|Any CPU.ActiveCfg = Debug|Any CPU
		{8231F854-810A-4189-B333-EA438A0A52E6}.Debug|Any CPU.Build.0 = Debug|Any CPU
		{8231F854-810A-4189-B333-EA438A0A52E6}.Release|Any CPU.ActiveCfg = Release|Any CPU
		{8231F854-810A-4189-B333-EA438A0A52E6}.Release|Any CPU.Build.0 = Release|Any CPU
		{593C34A5-FF59-4410-BAF8-69D55DBB5C7A}.Debug|Any CPU.ActiveCfg = Debug|Any CPU
		{593C34A5-FF59-4410-BAF8-69D55DBB5C7A}.Debug|Any CPU.Build.0 = Debug|Any CPU
		{593C34A5-FF59-4410-BAF8-69D55DBB5C7A}.Release|Any CPU.ActiveCfg = Release|Any CPU
		{593C34A5-FF59-4410-BAF8-69D55DBB5C7A}.Release|Any CPU.Build.0 = Release|Any CPU
	EndGlobalSection
	GlobalSection(SolutionProperties) = preSolution
		HideSolutionNode = FALSE
	EndGlobalSection
	GlobalSection(ExtensibilityGlobals) = postSolution
		SolutionGuid = {B4A1106F-0329-4013-8C93-2B3C5816212C}
	EndGlobalSection
EndGlobal
